<?xml version="1.0" encoding="utf-8"?>
<Project ToolsVersion="4.0" xmlns="http://schemas.microsoft.com/developer/msbuild/2003">
  <ItemGroup>
    <Filter Include="소스 파일">
      <UniqueIdentifier>{4FC737F1-C7A5-4376-A066-2A32D752A2FF}</UniqueIdentifier>
      <Extensions>cpp;c;cc;cxx;c++;cppm;ixx;def;odl;idl;hpj;bat;asm;asmx</Extensions>
    </Filter>
    <Filter Include="헤더 파일">
      <UniqueIdentifier>{93995380-89BD-4b04-88EB-625FBE52EBFB}</UniqueIdentifier>
      <Extensions>h;hh;hpp;hxx;h++;hm;inl;inc;ipp;xsd</Extensions>
    </Filter>
    <Filter Include="리소스 파일">
      <UniqueIdentifier>{67DA6AB6-F800-4c08-8B7A-83BB121AAD01}</UniqueIdentifier>
      <Extensions>rc;ico;cur;bmp;dlg;rc2;rct;bin;rgs;gif;jpg;jpeg;jpe;resx;tiff;tif;png;wav;mfcribbon-ms</Extensions>
    </Filter>
    <Filter Include="Base">
      <UniqueIdentifier>{9bf9103a-281b-4ad7-b5bd-1300d831dcd5}</UniqueIdentifier>
    </Filter>
    <Filter Include="Scene">
      <UniqueIdentifier>{f6c000bb-b637-4180-a56a-913aab293630}</UniqueIdentifier>
    </Filter>
    <Filter Include="Render">
      <UniqueIdentifier>{7bc54028-04d7-4493-bd03-82079239cbdf}</UniqueIdentifier>
    </Filter>
  </ItemGroup>
  <ItemGroup>
    <ClInclude Include="framework.h">
      <Filter>헤더 파일</Filter>
    </ClInclude>
    <ClInclude Include="targetver.h">
      <Filter>헤더 파일</Filter>
    </ClInclude>
    <ClInclude Include="Resource.h">
      <Filter>헤더 파일</Filter>
    </ClInclude>
    <ClInclude Include="D2D.h">
      <Filter>헤더 파일</Filter>
    </ClInclude>
    <ClInclude Include="MainWidow.h">
      <Filter>헤더 파일</Filter>
    </ClInclude>
    <ClInclude Include="Base\SceneManager.h">
      <Filter>Base</Filter>
    </ClInclude>
    <ClInclude Include="Base\Scene.h">
      <Filter>Base</Filter>
    </ClInclude>
    <ClInclude Include="Render\Texture.h">
      <Filter>Render</Filter>
    </ClInclude>
    <ClInclude Include="Render\TextureShader.h">
      <Filter>Render</Filter>
    </ClInclude>
    <ClInclude Include="Render\SRVManager.h">
      <Filter>헤더 파일</Filter>
    </ClInclude>
    <ClInclude Include="Render\AnimationClip.h">
      <Filter>헤더 파일</Filter>
    </ClInclude>
    <ClInclude Include="Render\Animation.h">
      <Filter>헤더 파일</Filter>
    </ClInclude>
    <ClInclude Include="System\GameTime.h">
      <Filter>헤더 파일</Filter>
    </ClInclude>
    <ClInclude Include="System\Keyboard.h">
      <Filter>헤더 파일</Filter>
    </ClInclude>
    <ClInclude Include="System\Mouse.h">
      <Filter>헤더 파일</Filter>
    </ClInclude>
    <ClInclude Include="Render\Camera.h">
      <Filter>헤더 파일</Filter>
    </ClInclude>
    <ClInclude Include="Object\GameObject.h">
      <Filter>헤더 파일</Filter>
    </ClInclude>
    <ClInclude Include="Render\DirectWrite.h">
      <Filter>헤더 파일</Filter>
    </ClInclude>
    <ClInclude Include="Scene\S01_Field.h">
      <Filter>헤더 파일</Filter>
    </ClInclude>
    <ClInclude Include="Object\ObjectManager.h">
      <Filter>헤더 파일</Filter>
    </ClInclude>
    <ClInclude Include="Object\MegaMan.h">
      <Filter>헤더 파일</Filter>
    </ClInclude>
    <ClInclude Include="Collider\Line.h">
      <Filter>헤더 파일</Filter>
    </ClInclude>
    <ClInclude Include="Render\LineShader.h">
      <Filter>헤더 파일</Filter>
    </ClInclude>
    <ClInclude Include="Collider\Collision.h">
      <Filter>헤더 파일</Filter>
    </ClInclude>
    <ClInclude Include="Collider\Collider.h">
      <Filter>헤더 파일</Filter>
    </ClInclude>
    <ClInclude Include="Object\PlayerEffect.h">
      <Filter>헤더 파일</Filter>
    </ClInclude>
    <ClInclude Include="Object\Component.h">
      <Filter>헤더 파일</Filter>
    </ClInclude>
    <ClInclude Include="Object\Bullet.h">
      <Filter>헤더 파일</Filter>
    </ClInclude>
    <ClInclude Include="Object\CopyMegaMan.h">
      <Filter>헤더 파일</Filter>
    </ClInclude>
    <ClInclude Include="Object\DashMegaMan.h">
      <Filter>헤더 파일</Filter>
    </ClInclude>
    <ClInclude Include="Object\ChargeEffect.h">
      <Filter>헤더 파일</Filter>
    </ClInclude>
    <ClInclude Include="System\Sound.h">
      <Filter>헤더 파일</Filter>
    </ClInclude>
    <ClInclude Include="Utilities\String.h">
      <Filter>헤더 파일</Filter>
    </ClInclude>
    <ClInclude Include="Utilities\Path.h">
      <Filter>헤더 파일</Filter>
    </ClInclude>
    <ClInclude Include="Object\GrenadeMan.h">
      <Filter>헤더 파일</Filter>
    </ClInclude>
    <ClInclude Include="Object\Spike.h">
      <Filter>헤더 파일</Filter>
    </ClInclude>
    <ClInclude Include="Object\Boss.h">
      <Filter>헤더 파일</Filter>
    </ClInclude>
    <ClInclude Include="Object\BossBullet.h">
      <Filter>헤더 파일</Filter>
    </ClInclude>
    <ClInclude Include="Object\BossEffect.h">
      <Filter>헤더 파일</Filter>
    </ClInclude>
  </ItemGroup>
  <ItemGroup>
    <ClCompile Include="D2D.cpp">
      <Filter>소스 파일</Filter>
    </ClCompile>
    <ClCompile Include="MainWidow.cpp">
      <Filter>소스 파일</Filter>
    </ClCompile>
    <ClCompile Include="Base\Scene.cpp">
      <Filter>Base</Filter>
    </ClCompile>
    <ClCompile Include="Base\SceneManager.cpp">
      <Filter>Base</Filter>
    </ClCompile>
    <ClCompile Include="Render\Texture.cpp">
      <Filter>Render</Filter>
    </ClCompile>
    <ClCompile Include="Render\TextureShader.cpp">
      <Filter>Render</Filter>
    </ClCompile>
    <ClCompile Include="Render\SRVManager.cpp">
      <Filter>소스 파일</Filter>
    </ClCompile>
    <ClCompile Include="Render\AnimationClip.cpp">
      <Filter>소스 파일</Filter>
    </ClCompile>
    <ClCompile Include="Render\Animation.cpp">
      <Filter>소스 파일</Filter>
    </ClCompile>
    <ClCompile Include="System\GameTime.cpp">
      <Filter>소스 파일</Filter>
    </ClCompile>
    <ClCompile Include="System\Keyboard.cpp">
      <Filter>소스 파일</Filter>
    </ClCompile>
    <ClCompile Include="System\Mouse.cpp">
      <Filter>소스 파일</Filter>
    </ClCompile>
    <ClCompile Include="Render\Camera.cpp">
      <Filter>소스 파일</Filter>
    </ClCompile>
    <ClCompile Include="Object\GameObject.cpp">
      <Filter>소스 파일</Filter>
    </ClCompile>
    <ClCompile Include="Render\DirectWrite.cpp">
      <Filter>소스 파일</Filter>
    </ClCompile>
    <ClCompile Include="Scene\S01_Field.cpp">
      <Filter>소스 파일</Filter>
    </ClCompile>
    <ClCompile Include="Object\ObjectManager.cpp">
      <Filter>소스 파일</Filter>
    </ClCompile>
    <ClCompile Include="Object\MegaMan.cpp">
      <Filter>소스 파일</Filter>
    </ClCompile>
    <ClCompile Include="Collider\Line.cpp">
      <Filter>소스 파일</Filter>
    </ClCompile>
    <ClCompile Include="Render\LineShader.cpp">
      <Filter>소스 파일</Filter>
    </ClCompile>
    <ClCompile Include="Collider\Collision.cpp">
      <Filter>소스 파일</Filter>
    </ClCompile>
    <ClCompile Include="Collider\Collider.cpp">
      <Filter>소스 파일</Filter>
    </ClCompile>
    <ClCompile Include="Object\PlayerEffect.cpp">
      <Filter>소스 파일</Filter>
    </ClCompile>
    <ClCompile Include="framework.cpp">
      <Filter>소스 파일</Filter>
    </ClCompile>
    <ClCompile Include="Object\Bullet.cpp">
      <Filter>소스 파일</Filter>
    </ClCompile>
    <ClCompile Include="Object\CopyMegaMan.cpp">
      <Filter>소스 파일</Filter>
    </ClCompile>
    <ClCompile Include="Object\DashMegaMan.cpp">
      <Filter>소스 파일</Filter>
    </ClCompile>
    <ClCompile Include="Object\ChargeEffect.cpp">
      <Filter>소스 파일</Filter>
    </ClCompile>
    <ClCompile Include="System\Sound.cpp">
      <Filter>소스 파일</Filter>
    </ClCompile>
    <ClCompile Include="Utilities\String.cpp">
      <Filter>소스 파일</Filter>
    </ClCompile>
    <ClCompile Include="Utilities\Path.cpp">
      <Filter>소스 파일</Filter>
    </ClCompile>
    <ClCompile Include="Object\GrenadeMan.cpp">
      <Filter>소스 파일</Filter>
    </ClCompile>
    <ClCompile Include="Object\Spike.cpp">
      <Filter>소스 파일</Filter>
    </ClCompile>
    <ClCompile Include="Object\Boss.cpp">
      <Filter>소스 파일</Filter>
    </ClCompile>
    <ClCompile Include="Object\BossBullet.cpp">
      <Filter>소스 파일</Filter>
    </ClCompile>
    <ClCompile Include="Object\BossEffect.cpp">
      <Filter>소스 파일</Filter>
    </ClCompile>
  </ItemGroup>
  <ItemGroup>
    <ResourceCompile Include="D2D.rc">
      <Filter>리소스 파일</Filter>
    </ResourceCompile>
  </ItemGroup>
  <ItemGroup>
    <Image Include="small.ico">
      <Filter>리소스 파일</Filter>
    </Image>
    <Image Include="D2D.ico">
      <Filter>리소스 파일</Filter>
    </Image>
    <Image Include="..\..\WinAPI-Cookierun-master\WinAPI\Resource\Image\PrepareScenePetChoice2.png">
      <Filter>리소스 파일</Filter>
    </Image>
    <Image Include="..\..\WinAPI-Cookierun-master\WinAPI\Resource\Image\PrepareSceneBackground.png">
      <Filter>리소스 파일</Filter>
    </Image>
    <Image Include="..\..\WinAPI-Cookierun-master\WinAPI\Resource\Image\PrepareScenePetChoice.png">
      <Filter>리소스 파일</Filter>
    </Image>
  </ItemGroup>
  <ItemGroup>
    <FxCompile Include="Shader\VertexShader.hlsl" />
  </ItemGroup>
  <ItemGroup>
    <Text Include="TodoList.txt" />
    <Text Include="메모.txt" />
  </ItemGroup>
</Project>